
Microsoft Visual Studio Solution File, Format Version 12.00
# Visual Studio 15
VisualStudioVersion = 15.0.28307.1000
MinimumVisualStudioVersion = 10.0.40219.1
Project("{9A19103F-16F7-4668-BE54-9A1E7A4F7556}") = "RebelRegistration", "RebelRegistration\RebelRegistration.csproj", "{D64D9694-9A5A-4840-9687-C6CEEB300409}"
EndProject
Project("{FAE04EC0-301F-11D3-BF4B-00C04F79EFBC}") = "RebelRegistrationTest", "RebelRegistrationTest\RebelRegistrationTest.csproj", "{EBFF6FBF-697C-4DA2-8D18-EC2C2D19E0AB}"
EndProject
Global
	GlobalSection(SolutionConfigurationPlatforms) = preSolution
		Debug|Any CPU = Debug|Any CPU
		Release|Any CPU = Release|Any CPU
	EndGlobalSection
	GlobalSection(ProjectConfigurationPlatforms) = postSolution
		{D64D9694-9A5A-4840-9687-C6CEEB300409}.Debug|Any CPU.ActiveCfg = Debug|Any CPU
		{D64D9694-9A5A-4840-9687-C6CEEB300409}.Debug|Any CPU.Build.0 = Debug|Any CPU
		{D64D9694-9A5A-4840-9687-C6CEEB300409}.Release|Any CPU.ActiveCfg = Release|Any CPU
		{D64D9694-9A5A-4840-9687-C6CEEB300409}.Release|Any CPU.Build.0 = Release|Any CPU
		{EBFF6FBF-697C-4DA2-8D18-EC2C2D19E0AB}.Debug|Any CPU.ActiveCfg = Debug|Any CPU
		{EBFF6FBF-697C-4DA2-8D18-EC2C2D19E0AB}.Debug|Any CPU.Build.0 = Debug|Any CPU
		{EBFF6FBF-697C-4DA2-8D18-EC2C2D19E0AB}.Release|Any CPU.ActiveCfg = Release|Any CPU
		{EBFF6FBF-697C-4DA2-8D18-EC2C2D19E0AB}.Release|Any CPU.Build.0 = Release|Any CPU
	EndGlobalSection
	GlobalSection(SolutionProperties) = preSolution
		HideSolutionNode = FALSE
	EndGlobalSection
	GlobalSection(ExtensibilityGlobals) = postSolution
		SolutionGuid = {B6D33423-9A32-4C58-8549-D671A708FBFA}
	EndGlobalSection
EndGlobal
